{
  "nodes": {
    "flakeNimbleLib": {
      "inputs": {
        "nixpkgs": [
          "nixpkgs"
        ]
      },
      "locked": {
        "lastModified": 1662018438,
        "narHash": "sha256-QtNtU6+LX3Wokxf0zlFwKTFOcn6TeDjKQZ+DA9OYtvM=",
        "owner": "riinr",
        "repo": "nim-flakes-lib",
        "rev": "b1fe8340736e3a85d25c709ac3dfd82a55c03cbf",
        "type": "github"
      },
      "original": {
        "owner": "riinr",
        "ref": "master",
        "repo": "nim-flakes-lib",
        "type": "github"
      }
    },
    "nixpkgs": {
      "locked": {
        "lastModified": 1667110639,
        "narHash": "sha256-4FbPESZ5LbqQxkJJJBAfk/zKgF9h/4kyUwjjpJwYlbc=",
        "owner": "NixOS",
        "repo": "nixpkgs",
        "rev": "f38a1f04d1bec1feb61fd101a0539ae2002a7087",
        "type": "github"
      },
      "original": {
        "id": "nixpkgs",
        "type": "indirect"
      }
    },
    "root": {
      "inputs": {
        "flakeNimbleLib": "flakeNimbleLib",
        "nixpkgs": "nixpkgs",
        "unicode_numbers-master": "unicode_numbers-master"
      }
    },
    "src-unicode_numbers-master": {
      "flake": false,
      "locked": {
        "lastModified": 1526880029,
        "narHash": "sha256-+CavmaCFth+867kWlsUOTQzKSUdSdbkvMEOOen+xgl8=",
        "owner": "Aearnus",
        "repo": "unicode_numbers",
        "rev": "777488f31eb8e49aa057412b9443786f21bdcebf",
        "type": "github"
      },
      "original": {
        "owner": "Aearnus",
        "ref": "refs/heads/master",
        "repo": "unicode_numbers",
        "type": "github"
      }
    },
    "unicode_numbers-master": {
      "inputs": {
        "flakeNimbleLib": [
          "flakeNimbleLib"
        ],
        "nixpkgs": [
          "nixpkgs"
        ],
        "src-unicode_numbers-master": "src-unicode_numbers-master"
      },
      "locked": {
        "dir": "master",
        "lastModified": 1662254906,
        "narHash": "sha256-jkvwe1MtMHVS/di8cM+9dQiMYO4ALwfvgLr6hUnPKIs=",
        "owner": "nim-nix-pkgs",
        "repo": "unicode_numbers",
        "rev": "f7bd53533244eb14113ffee4331161d404fedcc3",
        "type": "github"
      },
      "original": {
        "dir": "master",
        "owner": "nim-nix-pkgs",
        "ref": "master",
        "repo": "unicode_numbers",
        "type": "github"
      }
    }
  },
  "root": "root",
  "version": 7
}
