{
  "nodes": {
    "flakeNimbleLib": {
      "inputs": {
        "nixpkgs": [
          "nixpkgs"
        ]
      },
      "locked": {
        "lastModified": 1662018438,
        "narHash": "sha256-QtNtU6+LX3Wokxf0zlFwKTFOcn6TeDjKQZ+DA9OYtvM=",
        "owner": "riinr",
        "repo": "nim-flakes-lib",
        "rev": "b1fe8340736e3a85d25c709ac3dfd82a55c03cbf",
        "type": "github"
      },
      "original": {
        "owner": "riinr",
        "ref": "master",
        "repo": "nim-flakes-lib",
        "type": "github"
      }
    },
    "nixpkgs": {
      "locked": {
        "lastModified": 1667199707,
        "narHash": "sha256-I2Js3Y7gUyVSEXPULHlBoRek4Lh85vnevdS6mdvDNLI=",
        "owner": "NixOS",
        "repo": "nixpkgs",
        "rev": "ced197be72099edcfa68ebed8b87af7b04851f45",
        "type": "github"
      },
      "original": {
        "id": "nixpkgs",
        "type": "indirect"
      }
    },
    "root": {
      "inputs": {
        "flakeNimbleLib": "flakeNimbleLib",
        "nixpkgs": "nixpkgs",
        "unicode_numbers-master": "unicode_numbers-master"
      }
    },
    "src-unicode_numbers-master": {
      "flake": false,
      "locked": {
        "lastModified": 1526880029,
        "narHash": "sha256-+CavmaCFth+867kWlsUOTQzKSUdSdbkvMEOOen+xgl8=",
        "owner": "Aearnus",
        "repo": "unicode_numbers",
        "rev": "777488f31eb8e49aa057412b9443786f21bdcebf",
        "type": "github"
      },
      "original": {
        "owner": "Aearnus",
        "ref": "refs/heads/master",
        "repo": "unicode_numbers",
        "type": "github"
      }
    },
    "unicode_numbers-master": {
      "inputs": {
        "flakeNimbleLib": [
          "flakeNimbleLib"
        ],
        "nixpkgs": [
          "nixpkgs"
        ],
        "src-unicode_numbers-master": "src-unicode_numbers-master"
      },
      "locked": {
        "dir": "master",
        "lastModified": 1667322760,
        "narHash": "sha256-OCn83wvEkPCy43kCEHeDI3bmuqskwCIcXMW5EcqueH8=",
        "owner": "nim-nix-pkgs",
        "repo": "unicode_numbers",
        "rev": "8d76824b87822a2317185ce63ceb6a6495200076",
        "type": "github"
      },
      "original": {
        "dir": "master",
        "owner": "nim-nix-pkgs",
        "ref": "master",
        "repo": "unicode_numbers",
        "type": "github"
      }
    }
  },
  "root": "root",
  "version": 7
}
